
Microsoft Visual Studio Solution File, Format Version 12.00
# Visual Studio 14
VisualStudioVersion = 14.0.25420.1
MinimumVisualStudioVersion = 10.0.40219.1
Project("{FAE04EC0-301F-11D3-BF4B-00C04F79EFBC}") = "YuntiVpnAutoUpdate", "YuntiVpnAutoUpdate\YuntiVpnAutoUpdate.csproj", "{390FE93F-B255-4F90-9F7C-939E6FA864E0}"
EndProject
Project("{FAE04EC0-301F-11D3-BF4B-00C04F79EFBC}") = "ICSharpCode.SharpZLib", "ICSharpCode.SharpZLib\ICSharpCode.SharpZLib.csproj", "{0E7413FF-EB9E-4714-ACF2-BE3A6A7B2FFD}"
EndProject
Project("{FAE04EC0-301F-11D3-BF4B-00C04F79EFBC}") = "RouteTool", "RouteTool\RouteTool.csproj", "{64CAD1C0-B0FF-4B05-9E80-0DF7E694C60D}"
EndProject
Project("{2150E333-8FDC-42A3-9474-1A3956D46DE8}") = "3rd", "3rd", "{67A8156E-B481-4EF7-9982-994A163D97EC}"
EndProject
Global
	GlobalSection(SolutionConfigurationPlatforms) = preSolution
		Debug|Any CPU = Debug|Any CPU
		Release|Any CPU = Release|Any CPU
	EndGlobalSection
	GlobalSection(ProjectConfigurationPlatforms) = postSolution
		{390FE93F-B255-4F90-9F7C-939E6FA864E0}.Debug|Any CPU.ActiveCfg = Debug|Any CPU
		{390FE93F-B255-4F90-9F7C-939E6FA864E0}.Debug|Any CPU.Build.0 = Debug|Any CPU
		{390FE93F-B255-4F90-9F7C-939E6FA864E0}.Release|Any CPU.ActiveCfg = Release|Any CPU
		{390FE93F-B255-4F90-9F7C-939E6FA864E0}.Release|Any CPU.Build.0 = Release|Any CPU
		{0E7413FF-EB9E-4714-ACF2-BE3A6A7B2FFD}.Debug|Any CPU.ActiveCfg = Debug|Any CPU
		{0E7413FF-EB9E-4714-ACF2-BE3A6A7B2FFD}.Debug|Any CPU.Build.0 = Debug|Any CPU
		{0E7413FF-EB9E-4714-ACF2-BE3A6A7B2FFD}.Release|Any CPU.ActiveCfg = Release|Any CPU
		{0E7413FF-EB9E-4714-ACF2-BE3A6A7B2FFD}.Release|Any CPU.Build.0 = Release|Any CPU
		{64CAD1C0-B0FF-4B05-9E80-0DF7E694C60D}.Debug|Any CPU.ActiveCfg = Debug|Any CPU
		{64CAD1C0-B0FF-4B05-9E80-0DF7E694C60D}.Debug|Any CPU.Build.0 = Debug|Any CPU
		{64CAD1C0-B0FF-4B05-9E80-0DF7E694C60D}.Release|Any CPU.ActiveCfg = Release|Any CPU
		{64CAD1C0-B0FF-4B05-9E80-0DF7E694C60D}.Release|Any CPU.Build.0 = Release|Any CPU
	EndGlobalSection
	GlobalSection(SolutionProperties) = preSolution
		HideSolutionNode = FALSE
	EndGlobalSection
	GlobalSection(NestedProjects) = preSolution
		{0E7413FF-EB9E-4714-ACF2-BE3A6A7B2FFD} = {67A8156E-B481-4EF7-9982-994A163D97EC}
	EndGlobalSection
EndGlobal
